
Microsoft Visual Studio Solution File, Format Version 12.00
# Visual Studio 15
VisualStudioVersion = 15.0.27428.2005
MinimumVisualStudioVersion = 10.0.40219.1
Project("{8BC9CEB8-8B4A-11D0-8D11-00A0C91BC942}") = "Multi Threading C++", "Multi Threading C++\Multi Threading C++.vcxproj", "{8CFFCC5F-2824-4221-8CDA-27B81E747972}"
EndProject
Global
	GlobalSection(SolutionConfigurationPlatforms) = preSolution
		Debug|x64 = Debug|x64
		Debug|x86 = Debug|x86
		Release|x64 = Release|x64
		Release|x86 = Release|x86
	EndGlobalSection
	GlobalSection(ProjectConfigurationPlatforms) = postSolution
		{8CFFCC5F-2824-4221-8CDA-27B81E747972}.Debug|x64.ActiveCfg = Debug|x64
		{8CFFCC5F-2824-4221-8CDA-27B81E747972}.Debug|x64.Build.0 = Debug|x64
		{8CFFCC5F-2824-4221-8CDA-27B81E747972}.Debug|x86.ActiveCfg = Debug|Win32
		{8CFFCC5F-2824-4221-8CDA-27B81E747972}.Debug|x86.Build.0 = Debug|Win32
		{8CFFCC5F-2824-4221-8CDA-27B81E747972}.Release|x64.ActiveCfg = Release|x64
		{8CFFCC5F-2824-4221-8CDA-27B81E747972}.Release|x64.Build.0 = Release|x64
		{8CFFCC5F-2824-4221-8CDA-27B81E747972}.Release|x86.ActiveCfg = Release|Win32
		{8CFFCC5F-2824-4221-8CDA-27B81E747972}.Release|x86.Build.0 = Release|Win32
	EndGlobalSection
	GlobalSection(SolutionProperties) = preSolution
		HideSolutionNode = FALSE
	EndGlobalSection
	GlobalSection(ExtensibilityGlobals) = postSolution
		SolutionGuid = {EB2304B2-FCE7-4134-9256-FD7BE8A51C8D}
	EndGlobalSection
EndGlobal
